
Microsoft Visual Studio Solution File, Format Version 12.00
# Visual Studio Version 16
VisualStudioVersion = 16.0.29209.152
MinimumVisualStudioVersion = 10.0.40219.1
Project("{FAE04EC0-301F-11D3-BF4B-00C04F79EFBC}") = "RpcEditor", "RpcEditor\RpcEditor.csproj", "{715674F0-07C5-45C1-801A-A98494C9FDBC}"
EndProject
Global
	GlobalSection(SolutionConfigurationPlatforms) = preSolution
		Debug|Any CPU = Debug|Any CPU
		Release|Any CPU = Release|Any CPU
	EndGlobalSection
	GlobalSection(ProjectConfigurationPlatforms) = postSolution
		{715674F0-07C5-45C1-801A-A98494C9FDBC}.Debug|Any CPU.ActiveCfg = Debug|Any CPU
		{715674F0-07C5-45C1-801A-A98494C9FDBC}.Debug|Any CPU.Build.0 = Debug|Any CPU
		{715674F0-07C5-45C1-801A-A98494C9FDBC}.Release|Any CPU.ActiveCfg = Release|Any CPU
		{715674F0-07C5-45C1-801A-A98494C9FDBC}.Release|Any CPU.Build.0 = Release|Any CPU
	EndGlobalSection
	GlobalSection(SolutionProperties) = preSolution
		HideSolutionNode = FALSE
	EndGlobalSection
	GlobalSection(ExtensibilityGlobals) = postSolution
		SolutionGuid = {79C65839-D2A9-4E0D-AC5E-42753222CD76}
	EndGlobalSection
EndGlobal
